{
  "requires": true,
  "lockfileVersion": 1,
  "dependencies": {
    "skeleton-framework": {
      "version": "1.0.10",
      "resolved": "https://registry.npmjs.org/skeleton-framework/-/skeleton-framework-1.0.10.tgz",
      "integrity": "sha1-3B+IfaR++tahiufr5xnV1jfQgpE=",
      "dev": true
    }
  }
}
